
Microsoft Visual Studio Solution File, Format Version 12.00
# Visual Studio 15
VisualStudioVersion = 15.0.26730.12
MinimumVisualStudioVersion = 10.0.40219.1
Project("{FAE04EC0-301F-11D3-BF4B-00C04F79EFBC}") = "RYL (record your life)", "RYL (record your life)\RYL (record your life).csproj", "{F5A0391A-081B-4EB4-B1FB-2D84F10D6CF0}"
EndProject
Global
	GlobalSection(SolutionConfigurationPlatforms) = preSolution
		Debug|Any CPU = Debug|Any CPU
		Release|Any CPU = Release|Any CPU
	EndGlobalSection
	GlobalSection(ProjectConfigurationPlatforms) = postSolution
		{F5A0391A-081B-4EB4-B1FB-2D84F10D6CF0}.Debug|Any CPU.ActiveCfg = Debug|Any CPU
		{F5A0391A-081B-4EB4-B1FB-2D84F10D6CF0}.Debug|Any CPU.Build.0 = Debug|Any CPU
		{F5A0391A-081B-4EB4-B1FB-2D84F10D6CF0}.Release|Any CPU.ActiveCfg = Release|Any CPU
		{F5A0391A-081B-4EB4-B1FB-2D84F10D6CF0}.Release|Any CPU.Build.0 = Release|Any CPU
	EndGlobalSection
	GlobalSection(SolutionProperties) = preSolution
		HideSolutionNode = FALSE
	EndGlobalSection
	GlobalSection(ExtensibilityGlobals) = postSolution
		SolutionGuid = {F1BF6E6F-B3E7-4187-9EB7-82FA6D18214D}
	EndGlobalSection
EndGlobal
